
Microsoft Visual Studio Solution File, Format Version 12.00
# Visual Studio Version 17
VisualStudioVersion = 17.0.31825.309
MinimumVisualStudioVersion = 10.0.40219.1
Project("{2150E333-8FDC-42A3-9474-1A3956D46DE8}") = "Services", "Services", "{17F80F5E-08F0-42C6-BEDA-2C05529D3C16}"
EndProject
Project("{2150E333-8FDC-42A3-9474-1A3956D46DE8}") = "Catalog", "Catalog", "{57EE8D2D-8034-491B-BCCF-1D891FBC71D4}"
EndProject
Project("{9A19103F-16F7-4668-BE54-9A1E7A4F7556}") = "Catalog.API", "Services\Catalog\Catalog.API\Catalog.API.csproj", "{DC00DB2A-8A72-4721-918C-DA23C80C88A0}"
EndProject
Project("{2150E333-8FDC-42A3-9474-1A3956D46DE8}") = "Solution Items", "Solution Items", "{A2C966FD-1367-4357-8444-5714344FEA6C}"
	ProjectSection(SolutionItems) = preProject
		.editorconfig = .editorconfig
	EndProjectSection
EndProject
Project("{E53339B2-1760-4266-BCC7-CA923CBCF16C}") = "docker-compose", "docker-compose.dcproj", "{FB444E9A-CDD9-4D47-A0FE-9470911BB175}"
EndProject
Project("{2150E333-8FDC-42A3-9474-1A3956D46DE8}") = "Basket", "Basket", "{AF24581A-270B-4DC7-BC6A-207B29984DEE}"
EndProject
Project("{9A19103F-16F7-4668-BE54-9A1E7A4F7556}") = "Basket.API", "Services\Basket\Basket.API\Basket.API.csproj", "{6C503D23-6DB9-480A-AE0B-1727D6DD2356}"
EndProject
Project("{2150E333-8FDC-42A3-9474-1A3956D46DE8}") = "Discount", "Discount", "{6A522306-7B71-4F2D-BCA1-93B1374E88B3}"
EndProject
Project("{9A19103F-16F7-4668-BE54-9A1E7A4F7556}") = "Discount.API", "Services\Discount\Discount.API\Discount.API.csproj", "{839D435F-474B-4253-9323-25CF15F6F127}"
EndProject
Project("{9A19103F-16F7-4668-BE54-9A1E7A4F7556}") = "Discount.Grpc", "Services\Discount\Discount.Grpc\Discount.Grpc.csproj", "{55940A16-CFD1-4043-B859-52BD53D51C16}"
EndProject
Project("{2150E333-8FDC-42A3-9474-1A3956D46DE8}") = "Ordering", "Ordering", "{DE40DA31-4CED-4BC4-8463-C6CB2F39A5B5}"
EndProject
Project("{FAE04EC0-301F-11D3-BF4B-00C04F79EFBC}") = "Ordering.API", "Services\Ordering\Ordering.API\Ordering.API.csproj", "{AA75D5EC-E654-4E8A-849B-368D9526A8AC}"
EndProject
Project("{FAE04EC0-301F-11D3-BF4B-00C04F79EFBC}") = "Ordering.Domain", "Services\Ordering\Ordering.Domain\Ordering.Domain.csproj", "{F8C3354F-E03F-4B29-9D36-09525DF05F64}"
EndProject
Project("{FAE04EC0-301F-11D3-BF4B-00C04F79EFBC}") = "Ordering.Aplication", "Services\Ordering\Ordering.Aplication\Ordering.Aplication.csproj", "{F976638C-63AB-4701-A71C-1AA43E50D641}"
EndProject
Project("{FAE04EC0-301F-11D3-BF4B-00C04F79EFBC}") = "Ordering.Infrastructure", "Services\Ordering\Ordering.Infrastructure\Ordering.Infrastructure.csproj", "{EB39AC89-6F26-4E44-AC44-842FA7F596C3}"
EndProject
Global
	GlobalSection(SolutionConfigurationPlatforms) = preSolution
		Debug|Any CPU = Debug|Any CPU
		Release|Any CPU = Release|Any CPU
	EndGlobalSection
	GlobalSection(ProjectConfigurationPlatforms) = postSolution
		{DC00DB2A-8A72-4721-918C-DA23C80C88A0}.Debug|Any CPU.ActiveCfg = Debug|Any CPU
		{DC00DB2A-8A72-4721-918C-DA23C80C88A0}.Debug|Any CPU.Build.0 = Debug|Any CPU
		{DC00DB2A-8A72-4721-918C-DA23C80C88A0}.Release|Any CPU.ActiveCfg = Release|Any CPU
		{DC00DB2A-8A72-4721-918C-DA23C80C88A0}.Release|Any CPU.Build.0 = Release|Any CPU
		{FB444E9A-CDD9-4D47-A0FE-9470911BB175}.Debug|Any CPU.ActiveCfg = Debug|Any CPU
		{FB444E9A-CDD9-4D47-A0FE-9470911BB175}.Debug|Any CPU.Build.0 = Debug|Any CPU
		{FB444E9A-CDD9-4D47-A0FE-9470911BB175}.Release|Any CPU.ActiveCfg = Release|Any CPU
		{FB444E9A-CDD9-4D47-A0FE-9470911BB175}.Release|Any CPU.Build.0 = Release|Any CPU
		{6C503D23-6DB9-480A-AE0B-1727D6DD2356}.Debug|Any CPU.ActiveCfg = Debug|Any CPU
		{6C503D23-6DB9-480A-AE0B-1727D6DD2356}.Debug|Any CPU.Build.0 = Debug|Any CPU
		{6C503D23-6DB9-480A-AE0B-1727D6DD2356}.Release|Any CPU.ActiveCfg = Release|Any CPU
		{6C503D23-6DB9-480A-AE0B-1727D6DD2356}.Release|Any CPU.Build.0 = Release|Any CPU
		{839D435F-474B-4253-9323-25CF15F6F127}.Debug|Any CPU.ActiveCfg = Debug|Any CPU
		{839D435F-474B-4253-9323-25CF15F6F127}.Debug|Any CPU.Build.0 = Debug|Any CPU
		{839D435F-474B-4253-9323-25CF15F6F127}.Release|Any CPU.ActiveCfg = Release|Any CPU
		{839D435F-474B-4253-9323-25CF15F6F127}.Release|Any CPU.Build.0 = Release|Any CPU
		{55940A16-CFD1-4043-B859-52BD53D51C16}.Debug|Any CPU.ActiveCfg = Debug|Any CPU
		{55940A16-CFD1-4043-B859-52BD53D51C16}.Debug|Any CPU.Build.0 = Debug|Any CPU
		{55940A16-CFD1-4043-B859-52BD53D51C16}.Release|Any CPU.ActiveCfg = Release|Any CPU
		{55940A16-CFD1-4043-B859-52BD53D51C16}.Release|Any CPU.Build.0 = Release|Any CPU
		{AA75D5EC-E654-4E8A-849B-368D9526A8AC}.Debug|Any CPU.ActiveCfg = Debug|Any CPU
		{AA75D5EC-E654-4E8A-849B-368D9526A8AC}.Debug|Any CPU.Build.0 = Debug|Any CPU
		{AA75D5EC-E654-4E8A-849B-368D9526A8AC}.Release|Any CPU.ActiveCfg = Release|Any CPU
		{AA75D5EC-E654-4E8A-849B-368D9526A8AC}.Release|Any CPU.Build.0 = Release|Any CPU
		{F8C3354F-E03F-4B29-9D36-09525DF05F64}.Debug|Any CPU.ActiveCfg = Debug|Any CPU
		{F8C3354F-E03F-4B29-9D36-09525DF05F64}.Debug|Any CPU.Build.0 = Debug|Any CPU
		{F8C3354F-E03F-4B29-9D36-09525DF05F64}.Release|Any CPU.ActiveCfg = Release|Any CPU
		{F8C3354F-E03F-4B29-9D36-09525DF05F64}.Release|Any CPU.Build.0 = Release|Any CPU
		{F976638C-63AB-4701-A71C-1AA43E50D641}.Debug|Any CPU.ActiveCfg = Debug|Any CPU
		{F976638C-63AB-4701-A71C-1AA43E50D641}.Debug|Any CPU.Build.0 = Debug|Any CPU
		{F976638C-63AB-4701-A71C-1AA43E50D641}.Release|Any CPU.ActiveCfg = Release|Any CPU
		{F976638C-63AB-4701-A71C-1AA43E50D641}.Release|Any CPU.Build.0 = Release|Any CPU
		{EB39AC89-6F26-4E44-AC44-842FA7F596C3}.Debug|Any CPU.ActiveCfg = Debug|Any CPU
		{EB39AC89-6F26-4E44-AC44-842FA7F596C3}.Debug|Any CPU.Build.0 = Debug|Any CPU
		{EB39AC89-6F26-4E44-AC44-842FA7F596C3}.Release|Any CPU.ActiveCfg = Release|Any CPU
		{EB39AC89-6F26-4E44-AC44-842FA7F596C3}.Release|Any CPU.Build.0 = Release|Any CPU
	EndGlobalSection
	GlobalSection(SolutionProperties) = preSolution
		HideSolutionNode = FALSE
	EndGlobalSection
	GlobalSection(NestedProjects) = preSolution
		{57EE8D2D-8034-491B-BCCF-1D891FBC71D4} = {17F80F5E-08F0-42C6-BEDA-2C05529D3C16}
		{DC00DB2A-8A72-4721-918C-DA23C80C88A0} = {57EE8D2D-8034-491B-BCCF-1D891FBC71D4}
		{AF24581A-270B-4DC7-BC6A-207B29984DEE} = {17F80F5E-08F0-42C6-BEDA-2C05529D3C16}
		{6C503D23-6DB9-480A-AE0B-1727D6DD2356} = {AF24581A-270B-4DC7-BC6A-207B29984DEE}
		{6A522306-7B71-4F2D-BCA1-93B1374E88B3} = {17F80F5E-08F0-42C6-BEDA-2C05529D3C16}
		{839D435F-474B-4253-9323-25CF15F6F127} = {6A522306-7B71-4F2D-BCA1-93B1374E88B3}
		{55940A16-CFD1-4043-B859-52BD53D51C16} = {6A522306-7B71-4F2D-BCA1-93B1374E88B3}
		{DE40DA31-4CED-4BC4-8463-C6CB2F39A5B5} = {17F80F5E-08F0-42C6-BEDA-2C05529D3C16}
		{AA75D5EC-E654-4E8A-849B-368D9526A8AC} = {DE40DA31-4CED-4BC4-8463-C6CB2F39A5B5}
		{F8C3354F-E03F-4B29-9D36-09525DF05F64} = {DE40DA31-4CED-4BC4-8463-C6CB2F39A5B5}
		{F976638C-63AB-4701-A71C-1AA43E50D641} = {DE40DA31-4CED-4BC4-8463-C6CB2F39A5B5}
		{EB39AC89-6F26-4E44-AC44-842FA7F596C3} = {DE40DA31-4CED-4BC4-8463-C6CB2F39A5B5}
	EndGlobalSection
	GlobalSection(ExtensibilityGlobals) = postSolution
		SolutionGuid = {55CC8D06-C511-4852-8E09-42D2A68416FD}
	EndGlobalSection
EndGlobal
